Microsoft Visual Studio Solution File, Format Version 12.00
# Visual Studio Version 17
VisualStudioVersion = 17.5.2.0
MinimumVisualStudioVersion = 10.0.40219.1
Project("{FAE04EC0-301F-11D3-BF4B-00C04F79EFBC}") = "RezervacijeBioskopskihKarata", "RezervacijeBioskopskihKarata.csproj", "{EB2A192E-0C16-4779-D281-3107E1FAC140}"
EndProject
Global
	GlobalSection(SolutionConfigurationPlatforms) = preSolution
		Debug|Any CPU = Debug|Any CPU
		Release|Any CPU = Release|Any CPU
	EndGlobalSection
	GlobalSection(ProjectConfigurationPlatforms) = postSolution
		{EB2A192E-0C16-4779-D281-3107E1FAC140}.Debug|Any CPU.ActiveCfg = Debug|Any CPU
		{EB2A192E-0C16-4779-D281-3107E1FAC140}.Debug|Any CPU.Build.0 = Debug|Any CPU
		{EB2A192E-0C16-4779-D281-3107E1FAC140}.Release|Any CPU.ActiveCfg = Release|Any CPU
		{EB2A192E-0C16-4779-D281-3107E1FAC140}.Release|Any CPU.Build.0 = Release|Any CPU
	EndGlobalSection
	GlobalSection(SolutionProperties) = preSolution
		HideSolutionNode = FALSE
	EndGlobalSection
	GlobalSection(ExtensibilityGlobals) = postSolution
		SolutionGuid = {72F60277-5E4A-4766-9132-FEC2C7F7B1D3}
	EndGlobalSection
EndGlobal
